// !$*UTF8*$!
{
	archiveVersion = 1;
	classes = {
	};
	objectVersion = 52;
	objects = {

/* Begin PBXBuildFile section */
		D718453324A9673D000BD213 /* AppDelegate.swift in Sources */ = {isa = PBXBuildFile; fileRef = D718453224A9673D000BD213 /* AppDelegate.swift */; };
		D718453724A9673D000BD213 /* ViewController.swift in Sources */ = {isa = PBXBuildFile; fileRef = D718453624A9673D000BD213 /* ViewController.swift */; };
		D718453D24A9673D000BD213 /* crispy_market.xcdatamodeld in Sources */ = {isa = PBXBuildFile; fileRef = D718453B24A9673D000BD213 /* crispy_market.xcdatamodeld */; };
		D718453F24A9673E000BD213 /* Assets.xcassets in Resources */ = {isa = PBXBuildFile; fileRef = D718453E24A9673E000BD213 /* Assets.xcassets */; };
		D718454224A9673E000BD213 /* LaunchScreen.storyboard in Resources */ = {isa = PBXBuildFile; fileRef = D718454024A9673E000BD213 /* LaunchScreen.storyboard */; };
		D718454D24A9673E000BD213 /* crispy_marketTests.swift in Sources */ = {isa = PBXBuildFile; fileRef = D718454C24A9673E000BD213 /* crispy_marketTests.swift */; };
		D718455824A9673E000BD213 /* crispy_marketUITests.swift in Sources */ = {isa = PBXBuildFile; fileRef = D718455724A9673E000BD213 /* crispy_marketUITests.swift */; };
		D758EED624AA37C10047EC31 /* SearchViewController.swift in Sources */ = {isa = PBXBuildFile; fileRef = D758EED524AA37C10047EC31 /* SearchViewController.swift */; };
		D75B762024AFD7C300E878AB /* Localizable.strings in Resources */ = {isa = PBXBuildFile; fileRef = D75B762224AFD7C300E878AB /* Localizable.strings */; };
		D75B762624AFDF7D00E878AB /* MarketLogAPI.swift in Sources */ = {isa = PBXBuildFile; fileRef = D75B762524AFDF7D00E878AB /* MarketLogAPI.swift */; };
		D75B762924AFE70C00E878AB /* BuildType.swift in Sources */ = {isa = PBXBuildFile; fileRef = D75B762824AFE70C00E878AB /* BuildType.swift */; };
		D767AD4624AAEBDE0074175F /* ItemsModels.swift in Sources */ = {isa = PBXBuildFile; fileRef = D767AD4524AAEBDE0074175F /* ItemsModels.swift */; };
		D767AD4B24AAFA630074175F /* SelectCountriesModels.swift in Sources */ = {isa = PBXBuildFile; fileRef = D767AD4A24AAFA630074175F /* SelectCountriesModels.swift */; };
		D767AD4D24AAFBF80074175F /* SelectCountriesViewController.swift in Sources */ = {isa = PBXBuildFile; fileRef = D767AD4C24AAFBF80074175F /* SelectCountriesViewController.swift */; };
		D767AD4F24AAFE460074175F /* CountryViewCell.swift in Sources */ = {isa = PBXBuildFile; fileRef = D767AD4E24AAFE460074175F /* CountryViewCell.swift */; };
		D767AD5124AB08C80074175F /* SelectCountriesInteractor.swift in Sources */ = {isa = PBXBuildFile; fileRef = D767AD5024AB08C80074175F /* SelectCountriesInteractor.swift */; };
		D767AD5324AB1D5A0074175F /* SelectCountriesPresenter.swift in Sources */ = {isa = PBXBuildFile; fileRef = D767AD5224AB1D5A0074175F /* SelectCountriesPresenter.swift */; };
		D767AD5524AB1EEE0074175F /* SelectCountriesWorker.swift in Sources */ = {isa = PBXBuildFile; fileRef = D767AD5424AB1EEE0074175F /* SelectCountriesWorker.swift */; };
		D767AD5D24AB25FE0074175F /* Alamofire in Frameworks */ = {isa = PBXBuildFile; productRef = D767AD5C24AB25FE0074175F /* Alamofire */; };
		D767AD5F24ABB2430074175F /* SelectCountriesRouter.swift in Sources */ = {isa = PBXBuildFile; fileRef = D767AD5E24ABB2430074175F /* SelectCountriesRouter.swift */; };
		D767AD6124ABE0370074175F /* MarketTableView.swift in Sources */ = {isa = PBXBuildFile; fileRef = D767AD6024ABE0370074175F /* MarketTableView.swift */; };
		D767AD6424ABF2BF0074175F /* MarketAPI.swift in Sources */ = {isa = PBXBuildFile; fileRef = D767AD6324ABF2BF0074175F /* MarketAPI.swift */; };
		D767AD6624ABF2CF0074175F /* MarketUserDefaults.swift in Sources */ = {isa = PBXBuildFile; fileRef = D767AD6524ABF2CF0074175F /* MarketUserDefaults.swift */; };
		D767AD6824AC1BC60074175F /* ItemViewCell.swift in Sources */ = {isa = PBXBuildFile; fileRef = D767AD6724AC1BC60074175F /* ItemViewCell.swift */; };
		D767AD6A24AC1E0A0074175F /* SearchInteractor.swift in Sources */ = {isa = PBXBuildFile; fileRef = D767AD6924AC1E0A0074175F /* SearchInteractor.swift */; };
		D767AD6C24AC232E0074175F /* SearchPresenter.swift in Sources */ = {isa = PBXBuildFile; fileRef = D767AD6B24AC232E0074175F /* SearchPresenter.swift */; };
		D767AD6E24AC24990074175F /* SearchWorker.swift in Sources */ = {isa = PBXBuildFile; fileRef = D767AD6D24AC24990074175F /* SearchWorker.swift */; };
		D767AD7124AC38AB0074175F /* SnapKit in Frameworks */ = {isa = PBXBuildFile; productRef = D767AD7024AC38AB0074175F /* SnapKit */; };
		D767AD7424AC3D340074175F /* Kingfisher in Frameworks */ = {isa = PBXBuildFile; productRef = D767AD7324AC3D340074175F /* Kingfisher */; };
		D767AD7624AC432D0074175F /* MarketFormatExtension.swift in Sources */ = {isa = PBXBuildFile; fileRef = D767AD7524AC432D0074175F /* MarketFormatExtension.swift */; };
		D772503424AD609800389097 /* Lato-Bold.ttf in Resources */ = {isa = PBXBuildFile; fileRef = D772503124AD609800389097 /* Lato-Bold.ttf */; };
		D772503524AD609800389097 /* Lato-Regular.ttf in Resources */ = {isa = PBXBuildFile; fileRef = D772503224AD609800389097 /* Lato-Regular.ttf */; };
		D772503624AD609800389097 /* Lato-Light.ttf in Resources */ = {isa = PBXBuildFile; fileRef = D772503324AD609800389097 /* Lato-Light.ttf */; };
		D772503A24AD63B900389097 /* SelectCountryRobot.swift in Sources */ = {isa = PBXBuildFile; fileRef = D772503924AD63B900389097 /* SelectCountryRobot.swift */; };
		D772503D24AD640300389097 /* CountriesViewControllerTests.swift in Sources */ = {isa = PBXBuildFile; fileRef = D772503C24AD640300389097 /* CountriesViewControllerTests.swift */; };
		D772504424AD7A2600389097 /* SearchViewControllerTests.swift in Sources */ = {isa = PBXBuildFile; fileRef = D772504324AD7A2600389097 /* SearchViewControllerTests.swift */; };
		D772504624AD7AA200389097 /* SearchRobot.swift in Sources */ = {isa = PBXBuildFile; fileRef = D772504524AD7AA200389097 /* SearchRobot.swift */; };
		D772505124ADA8A400389097 /* Nimble in Frameworks */ = {isa = PBXBuildFile; productRef = D772505024ADA8A400389097 /* Nimble */; };
		D772505424ADA8DB00389097 /* MarketAPITests.swift in Sources */ = {isa = PBXBuildFile; fileRef = D772505324ADA8DB00389097 /* MarketAPITests.swift */; };
		D772505924ADAC3F00389097 /* getItemsResponse.json in Resources */ = {isa = PBXBuildFile; fileRef = D772505824ADAC3F00389097 /* getItemsResponse.json */; };
		D772505C24ADAF0F00389097 /* OHHTTPStubsSwift in Frameworks */ = {isa = PBXBuildFile; productRef = D772505B24ADAF0F00389097 /* OHHTTPStubsSwift */; };
		D7EA9C4424AC5F5F0030EC23 /* ItemEmptyCell.swift in Sources */ = {isa = PBXBuildFile; fileRef = D7EA9C4324AC5F5F0030EC23 /* ItemEmptyCell.swift */; };
		D7EA9C4724AC652D0030EC23 /* ItemDetailViewController.swift in Sources */ = {isa = PBXBuildFile; fileRef = D7EA9C4624AC652D0030EC23 /* ItemDetailViewController.swift */; };
		D7EA9C4924AC68B50030EC23 /* ItemDetailInteractor.swift in Sources */ = {isa = PBXBuildFile; fileRef = D7EA9C4824AC68B50030EC23 /* ItemDetailInteractor.swift */; };
		D7EA9C4B24AC6A1B0030EC23 /* ItemDetailPresenter.swift in Sources */ = {isa = PBXBuildFile; fileRef = D7EA9C4A24AC6A1B0030EC23 /* ItemDetailPresenter.swift */; };
		D7EA9C4D24AC6B930030EC23 /* SearchRouter.swift in Sources */ = {isa = PBXBuildFile; fileRef = D7EA9C4C24AC6B930030EC23 /* SearchRouter.swift */; };
		D7EA9C4F24AC6E980030EC23 /* ItemDetailRouter.swift in Sources */ = {isa = PBXBuildFile; fileRef = D7EA9C4E24AC6E980030EC23 /* ItemDetailRouter.swift */; };
		D7EA9C5224AC7ED30030EC23 /* GeneralViewCell.swift in Sources */ = {isa = PBXBuildFile; fileRef = D7EA9C5124AC7ED30030EC23 /* GeneralViewCell.swift */; };
		D7EA9C5424AC7EE20030EC23 /* ImageViewCell.swift in Sources */ = {isa = PBXBuildFile; fileRef = D7EA9C5324AC7EE20030EC23 /* ImageViewCell.swift */; };
		D7EA9C5624AC7EF00030EC23 /* TitleViewCell.swift in Sources */ = {isa = PBXBuildFile; fileRef = D7EA9C5524AC7EF00030EC23 /* TitleViewCell.swift */; };
		D7EA9C5824AC7EF90030EC23 /* ValueViewCell.swift in Sources */ = {isa = PBXBuildFile; fileRef = D7EA9C5724AC7EF90030EC23 /* ValueViewCell.swift */; };
		D7EF450124A988AF004ED034 /* MarketUIExtension.swift in Sources */ = {isa = PBXBuildFile; fileRef = D7EF450024A988AF004ED034 /* MarketUIExtension.swift */; };
		D7EF450324A9918A004ED034 /* MarketTheme.swift in Sources */ = {isa = PBXBuildFile; fileRef = D7EF450224A9918A004ED034 /* MarketTheme.swift */; };
		D7EF450524A991AB004ED034 /* With.swift in Sources */ = {isa = PBXBuildFile; fileRef = D7EF450424A991AB004ED034 /* With.swift */; };
		D7EF450724A99A04004ED034 /* MarketLabel.swift in Sources */ = {isa = PBXBuildFile; fileRef = D7EF450624A99A04004ED034 /* MarketLabel.swift */; };
		D7EF450924A99B24004ED034 /* MarketView.swift in Sources */ = {isa = PBXBuildFile; fileRef = D7EF450824A99B24004ED034 /* MarketView.swift */; };
/* End PBXBuildFile section */

/* Begin PBXContainerItemProxy section */
		D718454924A9673E000BD213 /* PBXContainerItemProxy */ = {
			isa = PBXContainerItemProxy;
			containerPortal = D718452724A9673D000BD213 /* Project object */;
			proxyType = 1;
			remoteGlobalIDString = D718452E24A9673D000BD213;
			remoteInfo = "crispy market";
		};
		D718455424A9673E000BD213 /* PBXContainerItemProxy */ = {
			isa = PBXContainerItemProxy;
			containerPortal = D718452724A9673D000BD213 /* Project object */;
			proxyType = 1;
			remoteGlobalIDString = D718452E24A9673D000BD213;
			remoteInfo = "crispy market";
		};
/* End PBXContainerItemProxy section */

/* Begin PBXFileReference section */
		D718452F24A9673D000BD213 /* crispy market.app */ = {isa = PBXFileReference; explicitFileType = wrapper.application; includeInIndex = 0; path = "crispy market.app"; sourceTree = BUILT_PRODUCTS_DIR; };
		D718453224A9673D000BD213 /* AppDelegate.swift */ = {isa = PBXFileReference; lastKnownFileType = sourcecode.swift; path = AppDelegate.swift; sourceTree = "<group>"; };
		D718453624A9673D000BD213 /* ViewController.swift */ = {isa = PBXFileReference; lastKnownFileType = sourcecode.swift; path = ViewController.swift; sourceTree = "<group>"; };
		D718453C24A9673D000BD213 /* crispy_market.xcdatamodel */ = {isa = PBXFileReference; lastKnownFileType = wrapper.xcdatamodel; path = crispy_market.xcdatamodel; sourceTree = "<group>"; };
		D718453E24A9673E000BD213 /* Assets.xcassets */ = {isa = PBXFileReference; lastKnownFileType = folder.assetcatalog; path = Assets.xcassets; sourceTree = "<group>"; };
		D718454124A9673E000BD213 /* Base */ = {isa = PBXFileReference; lastKnownFileType = file.storyboard; name = Base; path = Base.lproj/LaunchScreen.storyboard; sourceTree = "<group>"; };
		D718454324A9673E000BD213 /* Info.plist */ = {isa = PBXFileReference; lastKnownFileType = text.plist.xml; path = Info.plist; sourceTree = "<group>"; };
		D718454824A9673E000BD213 /* crispy marketTests.xctest */ = {isa = PBXFileReference; explicitFileType = wrapper.cfbundle; includeInIndex = 0; path = "crispy marketTests.xctest"; sourceTree = BUILT_PRODUCTS_DIR; };
		D718454C24A9673E000BD213 /* crispy_marketTests.swift */ = {isa = PBXFileReference; lastKnownFileType = sourcecode.swift; path = crispy_marketTests.swift; sourceTree = "<group>"; };
		D718454E24A9673E000BD213 /* Info.plist */ = {isa = PBXFileReference; lastKnownFileType = text.plist.xml; path = Info.plist; sourceTree = "<group>"; };
		D718455324A9673E000BD213 /* crispy marketUITests.xctest */ = {isa = PBXFileReference; explicitFileType = wrapper.cfbundle; includeInIndex = 0; path = "crispy marketUITests.xctest"; sourceTree = BUILT_PRODUCTS_DIR; };
		D718455724A9673E000BD213 /* crispy_marketUITests.swift */ = {isa = PBXFileReference; lastKnownFileType = sourcecode.swift; path = crispy_marketUITests.swift; sourceTree = "<group>"; };
		D718455924A9673E000BD213 /* Info.plist */ = {isa = PBXFileReference; lastKnownFileType = text.plist.xml; path = Info.plist; sourceTree = "<group>"; };
		D758EED524AA37C10047EC31 /* SearchViewController.swift */ = {isa = PBXFileReference; lastKnownFileType = sourcecode.swift; path = SearchViewController.swift; sourceTree = "<group>"; };
		D75B762124AFD7C300E878AB /* es-419 */ = {isa = PBXFileReference; lastKnownFileType = text.plist.strings; name = "es-419"; path = "es-419.lproj/Localizable.strings"; sourceTree = "<group>"; };
		D75B762324AFD7C700E878AB /* en */ = {isa = PBXFileReference; lastKnownFileType = text.plist.strings; name = en; path = en.lproj/Localizable.strings; sourceTree = "<group>"; };
		D75B762424AFD7CA00E878AB /* pt-BR */ = {isa = PBXFileReference; lastKnownFileType = text.plist.strings; name = "pt-BR"; path = "pt-BR.lproj/Localizable.strings"; sourceTree = "<group>"; };
		D75B762524AFDF7D00E878AB /* MarketLogAPI.swift */ = {isa = PBXFileReference; lastKnownFileType = sourcecode.swift; name = MarketLogAPI.swift; path = "Crispy Market/Services/MarketLogAPI.swift"; sourceTree = SOURCE_ROOT; };
		D75B762824AFE70C00E878AB /* BuildType.swift */ = {isa = PBXFileReference; lastKnownFileType = sourcecode.swift; name = BuildType.swift; path = "Crispy Market/Services/BuildType.swift"; sourceTree = SOURCE_ROOT; };
		D767AD4524AAEBDE0074175F /* ItemsModels.swift */ = {isa = PBXFileReference; lastKnownFileType = sourcecode.swift; path = ItemsModels.swift; sourceTree = "<group>"; };
		D767AD4A24AAFA630074175F /* SelectCountriesModels.swift */ = {isa = PBXFileReference; lastKnownFileType = sourcecode.swift; path = SelectCountriesModels.swift; sourceTree = "<group>"; };
		D767AD4C24AAFBF80074175F /* SelectCountriesViewController.swift */ = {isa = PBXFileReference; lastKnownFileType = sourcecode.swift; path = SelectCountriesViewController.swift; sourceTree = "<group>"; };
		D767AD4E24AAFE460074175F /* CountryViewCell.swift */ = {isa = PBXFileReference; lastKnownFileType = sourcecode.swift; path = CountryViewCell.swift; sourceTree = "<group>"; };
		D767AD5024AB08C80074175F /* SelectCountriesInteractor.swift */ = {isa = PBXFileReference; lastKnownFileType = sourcecode.swift; path = SelectCountriesInteractor.swift; sourceTree = "<group>"; };
		D767AD5224AB1D5A0074175F /* SelectCountriesPresenter.swift */ = {isa = PBXFileReference; lastKnownFileType = sourcecode.swift; path = SelectCountriesPresenter.swift; sourceTree = "<group>"; };
		D767AD5424AB1EEE0074175F /* SelectCountriesWorker.swift */ = {isa = PBXFileReference; lastKnownFileType = sourcecode.swift; path = SelectCountriesWorker.swift; sourceTree = "<group>"; };
		D767AD5E24ABB2430074175F /* SelectCountriesRouter.swift */ = {isa = PBXFileReference; lastKnownFileType = sourcecode.swift; path = SelectCountriesRouter.swift; sourceTree = "<group>"; };
		D767AD6024ABE0370074175F /* MarketTableView.swift */ = {isa = PBXFileReference; lastKnownFileType = sourcecode.swift; path = MarketTableView.swift; sourceTree = "<group>"; };
		D767AD6324ABF2BF0074175F /* MarketAPI.swift */ = {isa = PBXFileReference; lastKnownFileType = sourcecode.swift; path = MarketAPI.swift; sourceTree = "<group>"; };
		D767AD6524ABF2CF0074175F /* MarketUserDefaults.swift */ = {isa = PBXFileReference; lastKnownFileType = sourcecode.swift; path = MarketUserDefaults.swift; sourceTree = "<group>"; };
		D767AD6724AC1BC60074175F /* ItemViewCell.swift */ = {isa = PBXFileReference; lastKnownFileType = sourcecode.swift; path = ItemViewCell.swift; sourceTree = "<group>"; };
		D767AD6924AC1E0A0074175F /* SearchInteractor.swift */ = {isa = PBXFileReference; lastKnownFileType = sourcecode.swift; path = SearchInteractor.swift; sourceTree = "<group>"; };
		D767AD6B24AC232E0074175F /* SearchPresenter.swift */ = {isa = PBXFileReference; lastKnownFileType = sourcecode.swift; path = SearchPresenter.swift; sourceTree = "<group>"; };
		D767AD6D24AC24990074175F /* SearchWorker.swift */ = {isa = PBXFileReference; lastKnownFileType = sourcecode.swift; path = SearchWorker.swift; sourceTree = "<group>"; };
		D767AD7524AC432D0074175F /* MarketFormatExtension.swift */ = {isa = PBXFileReference; lastKnownFileType = sourcecode.swift; path = MarketFormatExtension.swift; sourceTree = "<group>"; };
		D772503124AD609800389097 /* Lato-Bold.ttf */ = {isa = PBXFileReference; lastKnownFileType = file; path = "Lato-Bold.ttf"; sourceTree = "<group>"; };
		D772503224AD609800389097 /* Lato-Regular.ttf */ = {isa = PBXFileReference; lastKnownFileType = file; path = "Lato-Regular.ttf"; sourceTree = "<group>"; };
		D772503324AD609800389097 /* Lato-Light.ttf */ = {isa = PBXFileReference; lastKnownFileType = file; path = "Lato-Light.ttf"; sourceTree = "<group>"; };
		D772503924AD63B900389097 /* SelectCountryRobot.swift */ = {isa = PBXFileReference; lastKnownFileType = sourcecode.swift; path = SelectCountryRobot.swift; sourceTree = "<group>"; };
		D772503C24AD640300389097 /* CountriesViewControllerTests.swift */ = {isa = PBXFileReference; lastKnownFileType = sourcecode.swift; path = CountriesViewControllerTests.swift; sourceTree = "<group>"; };
		D772504324AD7A2600389097 /* SearchViewControllerTests.swift */ = {isa = PBXFileReference; lastKnownFileType = sourcecode.swift; path = SearchViewControllerTests.swift; sourceTree = "<group>"; };
		D772504524AD7AA200389097 /* SearchRobot.swift */ = {isa = PBXFileReference; lastKnownFileType = sourcecode.swift; path = SearchRobot.swift; sourceTree = "<group>"; };
		D772505324ADA8DB00389097 /* MarketAPITests.swift */ = {isa = PBXFileReference; lastKnownFileType = sourcecode.swift; path = MarketAPITests.swift; sourceTree = "<group>"; };
		D772505824ADAC3F00389097 /* getItemsResponse.json */ = {isa = PBXFileReference; fileEncoding = 4; lastKnownFileType = text.json; path = getItemsResponse.json; sourceTree = "<group>"; };
		D7B8E84324A98467001D92AE /* es-419 */ = {isa = PBXFileReference; lastKnownFileType = text.plist.strings; name = "es-419"; path = "es-419.lproj/LaunchScreen.strings"; sourceTree = "<group>"; };
		D7B8E84524A9846F001D92AE /* pt-BR */ = {isa = PBXFileReference; lastKnownFileType = text.plist.strings; name = "pt-BR"; path = "pt-BR.lproj/LaunchScreen.strings"; sourceTree = "<group>"; };
		D7EA9C4324AC5F5F0030EC23 /* ItemEmptyCell.swift */ = {isa = PBXFileReference; lastKnownFileType = sourcecode.swift; path = ItemEmptyCell.swift; sourceTree = "<group>"; };
		D7EA9C4624AC652D0030EC23 /* ItemDetailViewController.swift */ = {isa = PBXFileReference; lastKnownFileType = sourcecode.swift; path = ItemDetailViewController.swift; sourceTree = "<group>"; };
		D7EA9C4824AC68B50030EC23 /* ItemDetailInteractor.swift */ = {isa = PBXFileReference; lastKnownFileType = sourcecode.swift; path = ItemDetailInteractor.swift; sourceTree = "<group>"; };
		D7EA9C4A24AC6A1B0030EC23 /* ItemDetailPresenter.swift */ = {isa = PBXFileReference; lastKnownFileType = sourcecode.swift; path = ItemDetailPresenter.swift; sourceTree = "<group>"; };
		D7EA9C4C24AC6B930030EC23 /* SearchRouter.swift */ = {isa = PBXFileReference; lastKnownFileType = sourcecode.swift; path = SearchRouter.swift; sourceTree = "<group>"; };
		D7EA9C4E24AC6E980030EC23 /* ItemDetailRouter.swift */ = {isa = PBXFileReference; lastKnownFileType = sourcecode.swift; path = ItemDetailRouter.swift; sourceTree = "<group>"; };
		D7EA9C5124AC7ED30030EC23 /* GeneralViewCell.swift */ = {isa = PBXFileReference; lastKnownFileType = sourcecode.swift; path = GeneralViewCell.swift; sourceTree = "<group>"; };
		D7EA9C5324AC7EE20030EC23 /* ImageViewCell.swift */ = {isa = PBXFileReference; lastKnownFileType = sourcecode.swift; path = ImageViewCell.swift; sourceTree = "<group>"; };
		D7EA9C5524AC7EF00030EC23 /* TitleViewCell.swift */ = {isa = PBXFileReference; lastKnownFileType = sourcecode.swift; path = TitleViewCell.swift; sourceTree = "<group>"; };
		D7EA9C5724AC7EF90030EC23 /* ValueViewCell.swift */ = {isa = PBXFileReference; lastKnownFileType = sourcecode.swift; path = ValueViewCell.swift; sourceTree = "<group>"; };
		D7EF450024A988AF004ED034 /* MarketUIExtension.swift */ = {isa = PBXFileReference; lastKnownFileType = sourcecode.swift; path = MarketUIExtension.swift; sourceTree = "<group>"; };
		D7EF450224A9918A004ED034 /* MarketTheme.swift */ = {isa = PBXFileReference; lastKnownFileType = sourcecode.swift; path = MarketTheme.swift; sourceTree = "<group>"; };
		D7EF450424A991AB004ED034 /* With.swift */ = {isa = PBXFileReference; lastKnownFileType = sourcecode.swift; path = With.swift; sourceTree = "<group>"; };
		D7EF450624A99A04004ED034 /* MarketLabel.swift */ = {isa = PBXFileReference; lastKnownFileType = sourcecode.swift; path = MarketLabel.swift; sourceTree = "<group>"; };
		D7EF450824A99B24004ED034 /* MarketView.swift */ = {isa = PBXFileReference; lastKnownFileType = sourcecode.swift; path = MarketView.swift; sourceTree = "<group>"; };
/* End PBXFileReference section */

/* Begin PBXFrameworksBuildPhase section */
		D718452C24A9673D000BD213 /* Frameworks */ = {
			isa = PBXFrameworksBuildPhase;
			buildActionMask = 2147483647;
			files = (
				D767AD7424AC3D340074175F /* Kingfisher in Frameworks */,
				D767AD7124AC38AB0074175F /* SnapKit in Frameworks */,
				D767AD5D24AB25FE0074175F /* Alamofire in Frameworks */,
			);
			runOnlyForDeploymentPostprocessing = 0;
		};
		D718454524A9673E000BD213 /* Frameworks */ = {
			isa = PBXFrameworksBuildPhase;
			buildActionMask = 2147483647;
			files = (
				D772505124ADA8A400389097 /* Nimble in Frameworks */,
				D772505C24ADAF0F00389097 /* OHHTTPStubsSwift in Frameworks */,
			);
			runOnlyForDeploymentPostprocessing = 0;
		};
		D718455024A9673E000BD213 /* Frameworks */ = {
			isa = PBXFrameworksBuildPhase;
			buildActionMask = 2147483647;
			files = (
			);
			runOnlyForDeploymentPostprocessing = 0;
		};
/* End PBXFrameworksBuildPhase section */

/* Begin PBXGroup section */
		D718452624A9673D000BD213 = {
			isa = PBXGroup;
			children = (
				D718453124A9673D000BD213 /* crispy market */,
				D718454B24A9673E000BD213 /* crispy marketTests */,
				D718455624A9673E000BD213 /* crispy marketUITests */,
				D718453024A9673D000BD213 /* Products */,
			);
			sourceTree = "<group>";
		};
		D718453024A9673D000BD213 /* Products */ = {
			isa = PBXGroup;
			children = (
				D718452F24A9673D000BD213 /* crispy market.app */,
				D718454824A9673E000BD213 /* crispy marketTests.xctest */,
				D718455324A9673E000BD213 /* crispy marketUITests.xctest */,
			);
			name = Products;
			sourceTree = "<group>";
		};
		D718453124A9673D000BD213 /* crispy market */ = {
			isa = PBXGroup;
			children = (
				D767AD6224ABF0D90074175F /* Services */,
				D758EEC724AA2F610047EC31 /* Scenes */,
				D7EF44FF24A98878004ED034 /* UIMarket */,
				D718453224A9673D000BD213 /* AppDelegate.swift */,
				D718453624A9673D000BD213 /* ViewController.swift */,
				D718453E24A9673E000BD213 /* Assets.xcassets */,
				D7B8E83A24A983E1001D92AE /* fonts */,
				D718454024A9673E000BD213 /* LaunchScreen.storyboard */,
				D718454324A9673E000BD213 /* Info.plist */,
				D718453B24A9673D000BD213 /* crispy_market.xcdatamodeld */,
				D75B762224AFD7C300E878AB /* Localizable.strings */,
			);
			path = "crispy market";
			sourceTree = "<group>";
		};
		D718454B24A9673E000BD213 /* crispy marketTests */ = {
			isa = PBXGroup;
			children = (
				D772505224ADA8C500389097 /* Services */,
				D718454C24A9673E000BD213 /* crispy_marketTests.swift */,
				D718454E24A9673E000BD213 /* Info.plist */,
			);
			path = "crispy marketTests";
			sourceTree = "<group>";
		};
		D718455624A9673E000BD213 /* crispy marketUITests */ = {
			isa = PBXGroup;
			children = (
				D772503824AD638D00389097 /* Robots */,
				D772503724AD638800389097 /* Scenes */,
				D718455724A9673E000BD213 /* crispy_marketUITests.swift */,
				D718455924A9673E000BD213 /* Info.plist */,
			);
			path = "crispy marketUITests";
			sourceTree = "<group>";
		};
		D758EEC724AA2F610047EC31 /* Scenes */ = {
			isa = PBXGroup;
			children = (
				D7EA9C4524AC64FA0030EC23 /* ItemDetail */,
				D767AD4924AAFA430074175F /* Countries */,
				D758EEC824AA33F90047EC31 /* Search */,
			);
			path = Scenes;
			sourceTree = "<group>";
		};
		D758EEC824AA33F90047EC31 /* Search */ = {
			isa = PBXGroup;
			children = (
				D758EED524AA37C10047EC31 /* SearchViewController.swift */,
				D767AD4524AAEBDE0074175F /* ItemsModels.swift */,
				D7EA9C5924AC7F090030EC23 /* SearchCells */,
				D767AD6924AC1E0A0074175F /* SearchInteractor.swift */,
				D767AD6B24AC232E0074175F /* SearchPresenter.swift */,
				D767AD6D24AC24990074175F /* SearchWorker.swift */,
				D7EA9C4C24AC6B930030EC23 /* SearchRouter.swift */,
			);
			path = Search;
			sourceTree = "<group>";
		};
		D767AD4924AAFA430074175F /* Countries */ = {
			isa = PBXGroup;
			children = (
				D767AD4A24AAFA630074175F /* SelectCountriesModels.swift */,
				D767AD4C24AAFBF80074175F /* SelectCountriesViewController.swift */,
				D767AD5024AB08C80074175F /* SelectCountriesInteractor.swift */,
				D767AD4E24AAFE460074175F /* CountryViewCell.swift */,
				D767AD5224AB1D5A0074175F /* SelectCountriesPresenter.swift */,
				D767AD5424AB1EEE0074175F /* SelectCountriesWorker.swift */,
				D767AD5E24ABB2430074175F /* SelectCountriesRouter.swift */,
			);
			path = Countries;
			sourceTree = "<group>";
		};
		D767AD6224ABF0D90074175F /* Services */ = {
			isa = PBXGroup;
			children = (
				D767AD6324ABF2BF0074175F /* MarketAPI.swift */,
				D767AD6524ABF2CF0074175F /* MarketUserDefaults.swift */,
				D75B762524AFDF7D00E878AB /* MarketLogAPI.swift */,
				D75B762824AFE70C00E878AB /* BuildType.swift */,
			);
			path = Services;
			sourceTree = "<group>";
		};
		D772503724AD638800389097 /* Scenes */ = {
			isa = PBXGroup;
			children = (
				D772504224AD7A0600389097 /* Search */,
				D772503B24AD63DE00389097 /* SelectCountry */,
			);
			path = Scenes;
			sourceTree = "<group>";
		};
		D772503824AD638D00389097 /* Robots */ = {
			isa = PBXGroup;
			children = (
				D772503924AD63B900389097 /* SelectCountryRobot.swift */,
				D772504524AD7AA200389097 /* SearchRobot.swift */,
			);
			path = Robots;
			sourceTree = "<group>";
		};
		D772503B24AD63DE00389097 /* SelectCountry */ = {
			isa = PBXGroup;
			children = (
				D772503C24AD640300389097 /* CountriesViewControllerTests.swift */,
			);
			path = SelectCountry;
			sourceTree = "<group>";
		};
		D772504224AD7A0600389097 /* Search */ = {
			isa = PBXGroup;
			children = (
				D772504324AD7A2600389097 /* SearchViewControllerTests.swift */,
			);
			path = Search;
			sourceTree = "<group>";
		};
		D772505224ADA8C500389097 /* Services */ = {
			isa = PBXGroup;
			children = (
				D772505824ADAC3F00389097 /* getItemsResponse.json */,
				D772505324ADA8DB00389097 /* MarketAPITests.swift */,
			);
			path = Services;
			sourceTree = "<group>";
		};
		D7B8E83A24A983E1001D92AE /* fonts */ = {
			isa = PBXGroup;
			children = (
				D772503124AD609800389097 /* Lato-Bold.ttf */,
				D772503324AD609800389097 /* Lato-Light.ttf */,
				D772503224AD609800389097 /* Lato-Regular.ttf */,
			);
			path = fonts;
			sourceTree = "<group>";
		};
		D7EA9C4524AC64FA0030EC23 /* ItemDetail */ = {
			isa = PBXGroup;
			children = (
				D7EA9C5024AC7EA20030EC23 /* ItemDetailCells */,
				D7EA9C4624AC652D0030EC23 /* ItemDetailViewController.swift */,
				D7EA9C4824AC68B50030EC23 /* ItemDetailInteractor.swift */,
				D7EA9C4A24AC6A1B0030EC23 /* ItemDetailPresenter.swift */,
				D7EA9C4E24AC6E980030EC23 /* ItemDetailRouter.swift */,
			);
			path = ItemDetail;
			sourceTree = "<group>";
		};
		D7EA9C5024AC7EA20030EC23 /* ItemDetailCells */ = {
			isa = PBXGroup;
			children = (
				D7EA9C5124AC7ED30030EC23 /* GeneralViewCell.swift */,
				D7EA9C5324AC7EE20030EC23 /* ImageViewCell.swift */,
				D7EA9C5524AC7EF00030EC23 /* TitleViewCell.swift */,
				D7EA9C5724AC7EF90030EC23 /* ValueViewCell.swift */,
			);
			path = ItemDetailCells;
			sourceTree = "<group>";
		};
		D7EA9C5924AC7F090030EC23 /* SearchCells */ = {
			isa = PBXGroup;
			children = (
				D767AD6724AC1BC60074175F /* ItemViewCell.swift */,
				D7EA9C4324AC5F5F0030EC23 /* ItemEmptyCell.swift */,
			);
			path = SearchCells;
			sourceTree = "<group>";
		};
		D7EF44FF24A98878004ED034 /* UIMarket */ = {
			isa = PBXGroup;
			children = (
				D7EF450024A988AF004ED034 /* MarketUIExtension.swift */,
				D7EF450224A9918A004ED034 /* MarketTheme.swift */,
				D7EF450424A991AB004ED034 /* With.swift */,
				D7EF450624A99A04004ED034 /* MarketLabel.swift */,
				D7EF450824A99B24004ED034 /* MarketView.swift */,
				D767AD6024ABE0370074175F /* MarketTableView.swift */,
				D767AD7524AC432D0074175F /* MarketFormatExtension.swift */,
			);
			path = UIMarket;
			sourceTree = "<group>";
		};
/* End PBXGroup section */

/* Begin PBXNativeTarget section */
		D718452E24A9673D000BD213 /* crispy market */ = {
			isa = PBXNativeTarget;
			buildConfigurationList = D718455C24A9673E000BD213 /* Build configuration list for PBXNativeTarget "crispy market" */;
			buildPhases = (
				D718452B24A9673D000BD213 /* Sources */,
				D718452C24A9673D000BD213 /* Frameworks */,
				D718452D24A9673D000BD213 /* Resources */,
			);
			buildRules = (
			);
			dependencies = (
			);
			name = "crispy market";
			packageProductDependencies = (
				D767AD5C24AB25FE0074175F /* Alamofire */,
				D767AD7024AC38AB0074175F /* SnapKit */,
				D767AD7324AC3D340074175F /* Kingfisher */,
			);
			productName = "crispy market";
			productReference = D718452F24A9673D000BD213 /* crispy market.app */;
			productType = "com.apple.product-type.application";
		};
		D718454724A9673E000BD213 /* crispy marketTests */ = {
			isa = PBXNativeTarget;
			buildConfigurationList = D718455F24A9673E000BD213 /* Build configuration list for PBXNativeTarget "crispy marketTests" */;
			buildPhases = (
				D718454424A9673E000BD213 /* Sources */,
				D718454524A9673E000BD213 /* Frameworks */,
				D718454624A9673E000BD213 /* Resources */,
			);
			buildRules = (
			);
			dependencies = (
				D718454A24A9673E000BD213 /* PBXTargetDependency */,
			);
			name = "crispy marketTests";
			packageProductDependencies = (
				D772505024ADA8A400389097 /* Nimble */,
				D772505B24ADAF0F00389097 /* OHHTTPStubsSwift */,
			);
			productName = "crispy marketTests";
			productReference = D718454824A9673E000BD213 /* crispy marketTests.xctest */;
			productType = "com.apple.product-type.bundle.unit-test";
		};
		D718455224A9673E000BD213 /* crispy marketUITests */ = {
			isa = PBXNativeTarget;
			buildConfigurationList = D718456224A9673E000BD213 /* Build configuration list for PBXNativeTarget "crispy marketUITests" */;
			buildPhases = (
				D718454F24A9673E000BD213 /* Sources */,
				D718455024A9673E000BD213 /* Frameworks */,
				D718455124A9673E000BD213 /* Resources */,
			);
			buildRules = (
			);
			dependencies = (
				D718455524A9673E000BD213 /* PBXTargetDependency */,
			);
			name = "crispy marketUITests";
			productName = "crispy marketUITests";
			productReference = D718455324A9673E000BD213 /* crispy marketUITests.xctest */;
			productType = "com.apple.product-type.bundle.ui-testing";
		};
/* End PBXNativeTarget section */

/* Begin PBXProject section */
		D718452724A9673D000BD213 /* Project object */ = {
			isa = PBXProject;
			attributes = {
				LastSwiftUpdateCheck = 1150;
				LastUpgradeCheck = 1150;
				ORGANIZATIONNAME = guillodacosta;
				TargetAttributes = {
					D718452E24A9673D000BD213 = {
						CreatedOnToolsVersion = 11.5;
					};
					D718454724A9673E000BD213 = {
						CreatedOnToolsVersion = 11.5;
						TestTargetID = D718452E24A9673D000BD213;
					};
					D718455224A9673E000BD213 = {
						CreatedOnToolsVersion = 11.5;
						TestTargetID = D718452E24A9673D000BD213;
					};
				};
			};
			buildConfigurationList = D718452A24A9673D000BD213 /* Build configuration list for PBXProject "crispy market" */;
			compatibilityVersion = "Xcode 9.3";
			developmentRegion = en;
			hasScannedForEncodings = 0;
			knownRegions = (
				en,
				Base,
				"es-419",
				"pt-BR",
			);
			mainGroup = D718452624A9673D000BD213;
			packageReferences = (
				D767AD5B24AB25FE0074175F /* XCRemoteSwiftPackageReference "Alamofire" */,
				D767AD6F24AC38AB0074175F /* XCRemoteSwiftPackageReference "SnapKit" */,
				D767AD7224AC3D340074175F /* XCRemoteSwiftPackageReference "Kingfisher" */,
				D772504F24ADA8A400389097 /* XCRemoteSwiftPackageReference "Nimble" */,
				D772505A24ADAF0F00389097 /* XCRemoteSwiftPackageReference "OHHTTPStubs" */,
			);
			productRefGroup = D718453024A9673D000BD213 /* Products */;
			projectDirPath = "";
			projectRoot = "";
			targets = (
				D718452E24A9673D000BD213 /* crispy market */,
				D718454724A9673E000BD213 /* crispy marketTests */,
				D718455224A9673E000BD213 /* crispy marketUITests */,
			);
		};
/* End PBXProject section */

/* Begin PBXResourcesBuildPhase section */
		D718452D24A9673D000BD213 /* Resources */ = {
			isa = PBXResourcesBuildPhase;
			buildActionMask = 2147483647;
			files = (
				D772503624AD609800389097 /* Lato-Light.ttf in Resources */,
				D75B762024AFD7C300E878AB /* Localizable.strings in Resources */,
				D718454224A9673E000BD213 /* LaunchScreen.storyboard in Resources */,
				D772503424AD609800389097 /* Lato-Bold.ttf in Resources */,
				D718453F24A9673E000BD213 /* Assets.xcassets in Resources */,
				D772503524AD609800389097 /* Lato-Regular.ttf in Resources */,
			);
			runOnlyForDeploymentPostprocessing = 0;
		};
		D718454624A9673E000BD213 /* Resources */ = {
			isa = PBXResourcesBuildPhase;
			buildActionMask = 2147483647;
			files = (
				D772505924ADAC3F00389097 /* getItemsResponse.json in Resources */,
			);
			runOnlyForDeploymentPostprocessing = 0;
		};
		D718455124A9673E000BD213 /* Resources */ = {
			isa = PBXResourcesBuildPhase;
			buildActionMask = 2147483647;
			files = (
			);
			runOnlyForDeploymentPostprocessing = 0;
		};
/* End PBXResourcesBuildPhase section */

/* Begin PBXSourcesBuildPhase section */
		D718452B24A9673D000BD213 /* Sources */ = {
			isa = PBXSourcesBuildPhase;
			buildActionMask = 2147483647;
			files = (
				D75B762924AFE70C00E878AB /* BuildType.swift in Sources */,
				D767AD5F24ABB2430074175F /* SelectCountriesRouter.swift in Sources */,
				D718453724A9673D000BD213 /* ViewController.swift in Sources */,
				D767AD4D24AAFBF80074175F /* SelectCountriesViewController.swift in Sources */,
				D767AD6624ABF2CF0074175F /* MarketUserDefaults.swift in Sources */,
				D767AD5124AB08C80074175F /* SelectCountriesInteractor.swift in Sources */,
				D7EA9C4D24AC6B930030EC23 /* SearchRouter.swift in Sources */,
				D767AD6824AC1BC60074175F /* ItemViewCell.swift in Sources */,
				D767AD6E24AC24990074175F /* SearchWorker.swift in Sources */,
				D7EA9C5224AC7ED30030EC23 /* GeneralViewCell.swift in Sources */,
				D767AD5524AB1EEE0074175F /* SelectCountriesWorker.swift in Sources */,
				D7EA9C4424AC5F5F0030EC23 /* ItemEmptyCell.swift in Sources */,
				D767AD4624AAEBDE0074175F /* ItemsModels.swift in Sources */,
				D7EF450524A991AB004ED034 /* With.swift in Sources */,
				D767AD6424ABF2BF0074175F /* MarketAPI.swift in Sources */,
				D7EF450924A99B24004ED034 /* MarketView.swift in Sources */,
				D767AD4B24AAFA630074175F /* SelectCountriesModels.swift in Sources */,
				D7EA9C5624AC7EF00030EC23 /* TitleViewCell.swift in Sources */,
				D718453324A9673D000BD213 /* AppDelegate.swift in Sources */,
				D767AD6C24AC232E0074175F /* SearchPresenter.swift in Sources */,
				D767AD6124ABE0370074175F /* MarketTableView.swift in Sources */,
				D7EA9C4B24AC6A1B0030EC23 /* ItemDetailPresenter.swift in Sources */,
				D7EA9C5824AC7EF90030EC23 /* ValueViewCell.swift in Sources */,
				D7EA9C4F24AC6E980030EC23 /* ItemDetailRouter.swift in Sources */,
				D7EA9C4924AC68B50030EC23 /* ItemDetailInteractor.swift in Sources */,
				D718453D24A9673D000BD213 /* crispy_market.xcdatamodeld in Sources */,
				D7EF450724A99A04004ED034 /* MarketLabel.swift in Sources */,
				D758EED624AA37C10047EC31 /* SearchViewController.swift in Sources */,
				D767AD7624AC432D0074175F /* MarketFormatExtension.swift in Sources */,
				D7EA9C4724AC652D0030EC23 /* ItemDetailViewController.swift in Sources */,
				D7EF450324A9918A004ED034 /* MarketTheme.swift in Sources */,
				D767AD5324AB1D5A0074175F /* SelectCountriesPresenter.swift in Sources */,
				D7EF450124A988AF004ED034 /* MarketUIExtension.swift in Sources */,
				D767AD4F24AAFE460074175F /* CountryViewCell.swift in Sources */,
				D75B762624AFDF7D00E878AB /* MarketLogAPI.swift in Sources */,
				D7EA9C5424AC7EE20030EC23 /* ImageViewCell.swift in Sources */,
				D767AD6A24AC1E0A0074175F /* SearchInteractor.swift in Sources */,
			);
			runOnlyForDeploymentPostprocessing = 0;
		};
		D718454424A9673E000BD213 /* Sources */ = {
			isa = PBXSourcesBuildPhase;
			buildActionMask = 2147483647;
			files = (
				D772505424ADA8DB00389097 /* MarketAPITests.swift in Sources */,
				D718454D24A9673E000BD213 /* crispy_marketTests.swift in Sources */,
			);
			runOnlyForDeploymentPostprocessing = 0;
		};
		D718454F24A9673E000BD213 /* Sources */ = {
			isa = PBXSourcesBuildPhase;
			buildActionMask = 2147483647;
			files = (
				D772504624AD7AA200389097 /* SearchRobot.swift in Sources */,
				D718455824A9673E000BD213 /* crispy_marketUITests.swift in Sources */,
				D772503A24AD63B900389097 /* SelectCountryRobot.swift in Sources */,
				D772504424AD7A2600389097 /* SearchViewControllerTests.swift in Sources */,
				D772503D24AD640300389097 /* CountriesViewControllerTests.swift in Sources */,
			);
			runOnlyForDeploymentPostprocessing = 0;
		};
/* End PBXSourcesBuildPhase section */

/* Begin PBXTargetDependency section */
		D718454A24A9673E000BD213 /* PBXTargetDependency */ = {
			isa = PBXTargetDependency;
			target = D718452E24A9673D000BD213 /* crispy market */;
			targetProxy = D718454924A9673E000BD213 /* PBXContainerItemProxy */;
		};
		D718455524A9673E000BD213 /* PBXTargetDependency */ = {
			isa = PBXTargetDependency;
			target = D718452E24A9673D000BD213 /* crispy market */;
			targetProxy = D718455424A9673E000BD213 /* PBXContainerItemProxy */;
		};
/* End PBXTargetDependency section */

/* Begin PBXVariantGroup section */
		D718454024A9673E000BD213 /* LaunchScreen.storyboard */ = {
			isa = PBXVariantGroup;
			children = (
				D718454124A9673E000BD213 /* Base */,
				D7B8E84324A98467001D92AE /* es-419 */,
				D7B8E84524A9846F001D92AE /* pt-BR */,
			);
			name = LaunchScreen.storyboard;
			sourceTree = "<group>";
		};
		D75B762224AFD7C300E878AB /* Localizable.strings */ = {
			isa = PBXVariantGroup;
			children = (
				D75B762124AFD7C300E878AB /* es-419 */,
				D75B762324AFD7C700E878AB /* en */,
				D75B762424AFD7CA00E878AB /* pt-BR */,
			);
			name = Localizable.strings;
			path = "Crispy Market";
			sourceTree = SOURCE_ROOT;
		};
/* End PBXVariantGroup section */

/* Begin XCBuildConfiguration section */
		D718455A24A9673E000BD213 /* Debug */ = {
			isa = XCBuildConfiguration;
			buildSettings = {
				ALWAYS_SEARCH_USER_PATHS = NO;
				CLANG_ANALYZER_LOCALIZABILITY_NONLOCALIZED = YES;
				CLANG_ANALYZER_NONNULL = YES;
				CLANG_ANALYZER_NUMBER_OBJECT_CONVERSION = YES_AGGRESSIVE;
				CLANG_CXX_LANGUAGE_STANDARD = "gnu++14";
				CLANG_CXX_LIBRARY = "libc++";
				CLANG_ENABLE_MODULES = YES;
				CLANG_ENABLE_OBJC_ARC = YES;
				CLANG_ENABLE_OBJC_WEAK = YES;
				CLANG_WARN_BLOCK_CAPTURE_AUTORELEASING = YES;
				CLANG_WARN_BOOL_CONVERSION = YES;
				CLANG_WARN_COMMA = YES;
				CLANG_WARN_CONSTANT_CONVERSION = YES;
				CLANG_WARN_DEPRECATED_OBJC_IMPLEMENTATIONS = YES;
				CLANG_WARN_DIRECT_OBJC_ISA_USAGE = YES_ERROR;
				CLANG_WARN_DOCUMENTATION_COMMENTS = YES;
				CLANG_WARN_EMPTY_BODY = YES;
				CLANG_WARN_ENUM_CONVERSION = YES;
				CLANG_WARN_INFINITE_RECURSION = YES;
				CLANG_WARN_INT_CONVERSION = YES;
				CLANG_WARN_NON_LITERAL_NULL_CONVERSION = YES;
				CLANG_WARN_OBJC_IMPLICIT_RETAIN_SELF = YES;
				CLANG_WARN_OBJC_LITERAL_CONVERSION = YES;
				CLANG_WARN_OBJC_ROOT_CLASS = YES_ERROR;
				CLANG_WARN_RANGE_LOOP_ANALYSIS = YES;
				CLANG_WARN_STRICT_PROTOTYPES = YES;
				CLANG_WARN_SUSPICIOUS_MOVE = YES;
				CLANG_WARN_UNGUARDED_AVAILABILITY = YES_AGGRESSIVE;
				CLANG_WARN_UNREACHABLE_CODE = YES;
				CLANG_WARN__DUPLICATE_METHOD_MATCH = YES;
				COPY_PHASE_STRIP = NO;
				DEBUG_INFORMATION_FORMAT = dwarf;
				ENABLE_STRICT_OBJC_MSGSEND = YES;
				ENABLE_TESTABILITY = YES;
				GCC_C_LANGUAGE_STANDARD = gnu11;
				GCC_DYNAMIC_NO_PIC = NO;
				GCC_NO_COMMON_BLOCKS = YES;
				GCC_OPTIMIZATION_LEVEL = 0;
				GCC_PREPROCESSOR_DEFINITIONS = (
					"DEBUG=1",
					"$(inherited)",
				);
				GCC_WARN_64_TO_32_BIT_CONVERSION = YES;
				GCC_WARN_ABOUT_RETURN_TYPE = YES_ERROR;
				GCC_WARN_UNDECLARED_SELECTOR = YES;
				GCC_WARN_UNINITIALIZED_AUTOS = YES_AGGRESSIVE;
				GCC_WARN_UNUSED_FUNCTION = YES;
				GCC_WARN_UNUSED_VARIABLE = YES;
				IPHONEOS_DEPLOYMENT_TARGET = 13.5;
				MTL_ENABLE_DEBUG_INFO = INCLUDE_SOURCE;
				MTL_FAST_MATH = YES;
				ONLY_ACTIVE_ARCH = YES;
				SDKROOT = iphoneos;
				SWIFT_ACTIVE_COMPILATION_CONDITIONS = DEBUG;
				SWIFT_OPTIMIZATION_LEVEL = "-Onone";
			};
			name = Debug;
		};
		D718455B24A9673E000BD213 /* Release */ = {
			isa = XCBuildConfiguration;
			buildSettings = {
				ALWAYS_SEARCH_USER_PATHS = NO;
				CLANG_ANALYZER_LOCALIZABILITY_NONLOCALIZED = YES;
				CLANG_ANALYZER_NONNULL = YES;
				CLANG_ANALYZER_NUMBER_OBJECT_CONVERSION = YES_AGGRESSIVE;
				CLANG_CXX_LANGUAGE_STANDARD = "gnu++14";
				CLANG_CXX_LIBRARY = "libc++";
				CLANG_ENABLE_MODULES = YES;
				CLANG_ENABLE_OBJC_ARC = YES;
				CLANG_ENABLE_OBJC_WEAK = YES;
				CLANG_WARN_BLOCK_CAPTURE_AUTORELEASING = YES;
				CLANG_WARN_BOOL_CONVERSION = YES;
				CLANG_WARN_COMMA = YES;
				CLANG_WARN_CONSTANT_CONVERSION = YES;
				CLANG_WARN_DEPRECATED_OBJC_IMPLEMENTATIONS = YES;
				CLANG_WARN_DIRECT_OBJC_ISA_USAGE = YES_ERROR;
				CLANG_WARN_DOCUMENTATION_COMMENTS = YES;
				CLANG_WARN_EMPTY_BODY = YES;
				CLANG_WARN_ENUM_CONVERSION = YES;
				CLANG_WARN_INFINITE_RECURSION = YES;
				CLANG_WARN_INT_CONVERSION = YES;
				CLANG_WARN_NON_LITERAL_NULL_CONVERSION = YES;
				CLANG_WARN_OBJC_IMPLICIT_RETAIN_SELF = YES;
				CLANG_WARN_OBJC_LITERAL_CONVERSION = YES;
				CLANG_WARN_OBJC_ROOT_CLASS = YES_ERROR;
				CLANG_WARN_RANGE_LOOP_ANALYSIS = YES;
				CLANG_WARN_STRICT_PROTOTYPES = YES;
				CLANG_WARN_SUSPICIOUS_MOVE = YES;
				CLANG_WARN_UNGUARDED_AVAILABILITY = YES_AGGRESSIVE;
				CLANG_WARN_UNREACHABLE_CODE = YES;
				CLANG_WARN__DUPLICATE_METHOD_MATCH = YES;
				COPY_PHASE_STRIP = NO;
				DEBUG_INFORMATION_FORMAT = "dwarf-with-dsym";
				ENABLE_NS_ASSERTIONS = NO;
				ENABLE_STRICT_OBJC_MSGSEND = YES;
				GCC_C_LANGUAGE_STANDARD = gnu11;
				GCC_NO_COMMON_BLOCKS = YES;
				GCC_WARN_64_TO_32_BIT_CONVERSION = YES;
				GCC_WARN_ABOUT_RETURN_TYPE = YES_ERROR;
				GCC_WARN_UNDECLARED_SELECTOR = YES;
				GCC_WARN_UNINITIALIZED_AUTOS = YES_AGGRESSIVE;
				GCC_WARN_UNUSED_FUNCTION = YES;
				GCC_WARN_UNUSED_VARIABLE = YES;
				IPHONEOS_DEPLOYMENT_TARGET = 13.5;
				MTL_ENABLE_DEBUG_INFO = NO;
				MTL_FAST_MATH = YES;
				SDKROOT = iphoneos;
				SWIFT_COMPILATION_MODE = wholemodule;
				SWIFT_OPTIMIZATION_LEVEL = "-O";
				VALIDATE_PRODUCT = YES;
			};
			name = Release;
		};
		D718455D24A9673E000BD213 /* Debug */ = {
			isa = XCBuildConfiguration;
			buildSettings = {
				ASSETCATALOG_COMPILER_APPICON_NAME = AppIcon;
				CODE_SIGN_STYLE = Automatic;
				INFOPLIST_FILE = "crispy market/Info.plist";
				IPHONEOS_DEPLOYMENT_TARGET = 10.3;
				LD_RUNPATH_SEARCH_PATHS = (
					"$(inherited)",
					"@executable_path/Frameworks",
				);
				PRODUCT_BUNDLE_IDENTIFIER = "guillodacosta.crispy-market";
				PRODUCT_NAME = "$(TARGET_NAME)";
				SWIFT_VERSION = 5.0;
				TARGETED_DEVICE_FAMILY = "1,2";
			};
			name = Debug;
		};
		D718455E24A9673E000BD213 /* Release */ = {
			isa = XCBuildConfiguration;
			buildSettings = {
				ASSETCATALOG_COMPILER_APPICON_NAME = AppIcon;
				CODE_SIGN_STYLE = Automatic;
				INFOPLIST_FILE = "crispy market/Info.plist";
				IPHONEOS_DEPLOYMENT_TARGET = 10.3;
				LD_RUNPATH_SEARCH_PATHS = (
					"$(inherited)",
					"@executable_path/Frameworks",
				);
				PRODUCT_BUNDLE_IDENTIFIER = "guillodacosta.crispy-market";
				PRODUCT_NAME = "$(TARGET_NAME)";
				SWIFT_VERSION = 5.0;
				TARGETED_DEVICE_FAMILY = "1,2";
			};
			name = Release;
		};
		D718456024A9673E000BD213 /* Debug */ = {
			isa = XCBuildConfiguration;
			buildSettings = {
				ALWAYS_EMBED_SWIFT_STANDARD_LIBRARIES = YES;
				BUNDLE_LOADER = "$(TEST_HOST)";
				CODE_SIGN_STYLE = Automatic;
				INFOPLIST_FILE = "crispy marketTests/Info.plist";
				IPHONEOS_DEPLOYMENT_TARGET = 13.5;
				LD_RUNPATH_SEARCH_PATHS = (
					"$(inherited)",
					"@executable_path/Frameworks",
					"@loader_path/Frameworks",
				);
				PRODUCT_BUNDLE_IDENTIFIER = "guillodacosta.crispy-marketTests";
				PRODUCT_NAME = "$(TARGET_NAME)";
				SWIFT_VERSION = 5.0;
				TARGETED_DEVICE_FAMILY = "1,2";
				TEST_HOST = "$(BUILT_PRODUCTS_DIR)/crispy market.app/crispy market";
			};
			name = Debug;
		};
		D718456124A9673E000BD213 /* Release */ = {
			isa = XCBuildConfiguration;
			buildSettings = {
				ALWAYS_EMBED_SWIFT_STANDARD_LIBRARIES = YES;
				BUNDLE_LOADER = "$(TEST_HOST)";
				CODE_SIGN_STYLE = Automatic;
				INFOPLIST_FILE = "crispy marketTests/Info.plist";
				IPHONEOS_DEPLOYMENT_TARGET = 13.5;
				LD_RUNPATH_SEARCH_PATHS = (
					"$(inherited)",
					"@executable_path/Frameworks",
					"@loader_path/Frameworks",
				);
				PRODUCT_BUNDLE_IDENTIFIER = "guillodacosta.crispy-marketTests";
				PRODUCT_NAME = "$(TARGET_NAME)";
				SWIFT_VERSION = 5.0;
				TARGETED_DEVICE_FAMILY = "1,2";
				TEST_HOST = "$(BUILT_PRODUCTS_DIR)/crispy market.app/crispy market";
			};
			name = Release;
		};
		D718456324A9673E000BD213 /* Debug */ = {
			isa = XCBuildConfiguration;
			buildSettings = {
				ALWAYS_EMBED_SWIFT_STANDARD_LIBRARIES = YES;
				CODE_SIGN_STYLE = Automatic;
				INFOPLIST_FILE = "crispy marketUITests/Info.plist";
				LD_RUNPATH_SEARCH_PATHS = (
					"$(inherited)",
					"@executable_path/Frameworks",
					"@loader_path/Frameworks",
				);
				PRODUCT_BUNDLE_IDENTIFIER = "guillodacosta.crispy-marketUITests";
				PRODUCT_NAME = "$(TARGET_NAME)";
				PROVISIONING_PROFILE = "";
				SWIFT_VERSION = 5.0;
				TARGETED_DEVICE_FAMILY = "1,2";
				TEST_TARGET_NAME = "crispy market";
			};
			name = Debug;
		};
		D718456424A9673E000BD213 /* Release */ = {
			isa = XCBuildConfiguration;
			buildSettings = {
				ALWAYS_EMBED_SWIFT_STANDARD_LIBRARIES = YES;
				CODE_SIGN_STYLE = Automatic;
				INFOPLIST_FILE = "crispy marketUITests/Info.plist";
				LD_RUNPATH_SEARCH_PATHS = (
					"$(inherited)",
					"@executable_path/Frameworks",
					"@loader_path/Frameworks",
				);
				PRODUCT_BUNDLE_IDENTIFIER = "guillodacosta.crispy-marketUITests";
				PRODUCT_NAME = "$(TARGET_NAME)";
				PROVISIONING_PROFILE = "";
				SWIFT_VERSION = 5.0;
				TARGETED_DEVICE_FAMILY = "1,2";
				TEST_TARGET_NAME = "crispy market";
			};
			name = Release;
		};
/* End XCBuildConfiguration section */

/* Begin XCConfigurationList section */
		D718452A24A9673D000BD213 /* Build configuration list for PBXProject "crispy market" */ = {
			isa = XCConfigurationList;
			buildConfigurations = (
				D718455A24A9673E000BD213 /* Debug */,
				D718455B24A9673E000BD213 /* Release */,
			);
			defaultConfigurationIsVisible = 0;
			defaultConfigurationName = Release;
		};
		D718455C24A9673E000BD213 /* Build configuration list for PBXNativeTarget "crispy market" */ = {
			isa = XCConfigurationList;
			buildConfigurations = (
				D718455D24A9673E000BD213 /* Debug */,
				D718455E24A9673E000BD213 /* Release */,
			);
			defaultConfigurationIsVisible = 0;
			defaultConfigurationName = Release;
		};
		D718455F24A9673E000BD213 /* Build configuration list for PBXNativeTarget "crispy marketTests" */ = {
			isa = XCConfigurationList;
			buildConfigurations = (
				D718456024A9673E000BD213 /* Debug */,
				D718456124A9673E000BD213 /* Release */,
			);
			defaultConfigurationIsVisible = 0;
			defaultConfigurationName = Release;
		};
		D718456224A9673E000BD213 /* Build configuration list for PBXNativeTarget "crispy marketUITests" */ = {
			isa = XCConfigurationList;
			buildConfigurations = (
				D718456324A9673E000BD213 /* Debug */,
				D718456424A9673E000BD213 /* Release */,
			);
			defaultConfigurationIsVisible = 0;
			defaultConfigurationName = Release;
		};
/* End XCConfigurationList section */

/* Begin XCRemoteSwiftPackageReference section */
		D767AD5B24AB25FE0074175F /* XCRemoteSwiftPackageReference "Alamofire" */ = {
			isa = XCRemoteSwiftPackageReference;
			repositoryURL = "https://github.com/Alamofire/Alamofire.git";
			requirement = {
				kind = upToNextMajorVersion;
				minimumVersion = 5.2.1;
			};
		};
		D767AD6F24AC38AB0074175F /* XCRemoteSwiftPackageReference "SnapKit" */ = {
			isa = XCRemoteSwiftPackageReference;
			repositoryURL = "https://github.com/SnapKit/SnapKit.git";
			requirement = {
				kind = upToNextMajorVersion;
				minimumVersion = 5.0.1;
			};
		};
		D767AD7224AC3D340074175F /* XCRemoteSwiftPackageReference "Kingfisher" */ = {
			isa = XCRemoteSwiftPackageReference;
			repositoryURL = "https://github.com/onevcat/Kingfisher.git";
			requirement = {
				kind = upToNextMajorVersion;
				minimumVersion = 5.14.0;
			};
		};
		D772504F24ADA8A400389097 /* XCRemoteSwiftPackageReference "Nimble" */ = {
			isa = XCRemoteSwiftPackageReference;
			repositoryURL = "https://github.com/Quick/Nimble.git";
			requirement = {
				kind = upToNextMajorVersion;
				minimumVersion = 8.1.1;
			};
		};
		D772505A24ADAF0F00389097 /* XCRemoteSwiftPackageReference "OHHTTPStubs" */ = {
			isa = XCRemoteSwiftPackageReference;
			repositoryURL = "https://github.com/AliSoftware/OHHTTPStubs.git";
			requirement = {
				kind = upToNextMajorVersion;
				minimumVersion = 9.0.0;
			};
		};
/* End XCRemoteSwiftPackageReference section */

/* Begin XCSwiftPackageProductDependency section */
		D767AD5C24AB25FE0074175F /* Alamofire */ = {
			isa = XCSwiftPackageProductDependency;
			package = D767AD5B24AB25FE0074175F /* XCRemoteSwiftPackageReference "Alamofire" */;
			productName = Alamofire;
		};
		D767AD7024AC38AB0074175F /* SnapKit */ = {
			isa = XCSwiftPackageProductDependency;
			package = D767AD6F24AC38AB0074175F /* XCRemoteSwiftPackageReference "SnapKit" */;
			productName = SnapKit;
		};
		D767AD7324AC3D340074175F /* Kingfisher */ = {
			isa = XCSwiftPackageProductDependency;
			package = D767AD7224AC3D340074175F /* XCRemoteSwiftPackageReference "Kingfisher" */;
			productName = Kingfisher;
		};
		D772505024ADA8A400389097 /* Nimble */ = {
			isa = XCSwiftPackageProductDependency;
			package = D772504F24ADA8A400389097 /* XCRemoteSwiftPackageReference "Nimble" */;
			productName = Nimble;
		};
		D772505B24ADAF0F00389097 /* OHHTTPStubsSwift */ = {
			isa = XCSwiftPackageProductDependency;
			package = D772505A24ADAF0F00389097 /* XCRemoteSwiftPackageReference "OHHTTPStubs" */;
			productName = OHHTTPStubsSwift;
		};
/* End XCSwiftPackageProductDependency section */

/* Begin XCVersionGroup section */
		D718453B24A9673D000BD213 /* crispy_market.xcdatamodeld */ = {
			isa = XCVersionGroup;
			children = (
				D718453C24A9673D000BD213 /* crispy_market.xcdatamodel */,
			);
			currentVersion = D718453C24A9673D000BD213 /* crispy_market.xcdatamodel */;
			path = crispy_market.xcdatamodeld;
			sourceTree = "<group>";
			versionGroupType = wrapper.xcdatamodel;
		};
/* End XCVersionGroup section */
	};
	rootObject = D718452724A9673D000BD213 /* Project object */;
}
